
Microsoft Visual Studio Solution File, Format Version 12.00
# Visual Studio Version 17
VisualStudioVersion = 17.4.33213.308
MinimumVisualStudioVersion = 10.0.40219.1
Project("{FAE04EC0-301F-11D3-BF4B-00C04F79EFBC}") = "ResistanceCalculator", "ResistanceCalculator.csproj", "{AF2C9861-AD9E-4839-810C-A6717D43E7CC}"
EndProject
Global
	GlobalSection(SolutionConfigurationPlatforms) = preSolution
		Debug|Any CPU = Debug|Any CPU
		Release|Any CPU = Release|Any CPU
	EndGlobalSection
	GlobalSection(ProjectConfigurationPlatforms) = postSolution
		{AF2C9861-AD9E-4839-810C-A6717D43E7CC}.Debug|Any CPU.ActiveCfg = Debug|Any CPU
		{AF2C9861-AD9E-4839-810C-A6717D43E7CC}.Debug|Any CPU.Build.0 = Debug|Any CPU
		{AF2C9861-AD9E-4839-810C-A6717D43E7CC}.Release|Any CPU.ActiveCfg = Release|Any CPU
		{AF2C9861-AD9E-4839-810C-A6717D43E7CC}.Release|Any CPU.Build.0 = Release|Any CPU
	EndGlobalSection
	GlobalSection(SolutionProperties) = preSolution
		HideSolutionNode = FALSE
	EndGlobalSection
	GlobalSection(ExtensibilityGlobals) = postSolution
		SolutionGuid = {48345481-97E0-4292-B0B5-A814FB35D991}
	EndGlobalSection
EndGlobal
